
Microsoft Visual Studio Solution File, Format Version 12.00
# Visual Studio Version 16
VisualStudioVersion = 25.0.1704.5
MinimumVisualStudioVersion = 10.0.40219.1
Project("{FAE04EC0-301F-11D3-BF4B-00C04F79EFBC}") = "UnitOfWork", "UnitOfWork\UnitOfWork.csproj", "{94E170C9-6782-411F-9DA9-BC8343DE2E29}"
EndProject
Project("{FAE04EC0-301F-11D3-BF4B-00C04F79EFBC}") = "SingleResponsibilityPrinciple", "SingleResponsibilityPrinciple\SingleResponsibilityPrinciple.csproj", "{C3482CBD-DB48-4177-8B5A-274092E117B8}"
EndProject
Global
	GlobalSection(SolutionConfigurationPlatforms) = preSolution
		Debug|Any CPU = Debug|Any CPU
		Release|Any CPU = Release|Any CPU
	EndGlobalSection
	GlobalSection(ProjectConfigurationPlatforms) = postSolution
		{94E170C9-6782-411F-9DA9-BC8343DE2E29}.Debug|Any CPU.ActiveCfg = Debug|Any CPU
		{94E170C9-6782-411F-9DA9-BC8343DE2E29}.Debug|Any CPU.Build.0 = Debug|Any CPU
		{94E170C9-6782-411F-9DA9-BC8343DE2E29}.Release|Any CPU.ActiveCfg = Release|Any CPU
		{94E170C9-6782-411F-9DA9-BC8343DE2E29}.Release|Any CPU.Build.0 = Release|Any CPU
		{C3482CBD-DB48-4177-8B5A-274092E117B8}.Debug|Any CPU.ActiveCfg = Debug|Any CPU
		{C3482CBD-DB48-4177-8B5A-274092E117B8}.Debug|Any CPU.Build.0 = Debug|Any CPU
		{C3482CBD-DB48-4177-8B5A-274092E117B8}.Release|Any CPU.ActiveCfg = Release|Any CPU
		{C3482CBD-DB48-4177-8B5A-274092E117B8}.Release|Any CPU.Build.0 = Release|Any CPU
	EndGlobalSection
	GlobalSection(SolutionProperties) = preSolution
		HideSolutionNode = FALSE
	EndGlobalSection
	GlobalSection(ExtensibilityGlobals) = postSolution
		SolutionGuid = {83C1171B-8EDB-4BC5-8852-8A670BFB651C}
	EndGlobalSection
EndGlobal
